
Microsoft Visual Studio Solution File, Format Version 12.00
# Visual Studio Version 16
VisualStudioVersion = 16.0.31005.135
MinimumVisualStudioVersion = 10.0.40219.1
Project("{FAE04EC0-301F-11D3-BF4B-00C04F79EFBC}") = "SchoolManagementSystem", "SchoolManagementSystem\SchoolManagementSystem.csproj", "{086CA4C4-B7B1-4825-AC6E-842CD70BA7CD}"
EndProject
Global
	GlobalSection(SolutionConfigurationPlatforms) = preSolution
		Debug|Any CPU = Debug|Any CPU
		Release|Any CPU = Release|Any CPU
	EndGlobalSection
	GlobalSection(ProjectConfigurationPlatforms) = postSolution
		{086CA4C4-B7B1-4825-AC6E-842CD70BA7CD}.Debug|Any CPU.ActiveCfg = Debug|Any CPU
		{086CA4C4-B7B1-4825-AC6E-842CD70BA7CD}.Debug|Any CPU.Build.0 = Debug|Any CPU
		{086CA4C4-B7B1-4825-AC6E-842CD70BA7CD}.Release|Any CPU.ActiveCfg = Release|Any CPU
		{086CA4C4-B7B1-4825-AC6E-842CD70BA7CD}.Release|Any CPU.Build.0 = Release|Any CPU
	EndGlobalSection
	GlobalSection(SolutionProperties) = preSolution
		HideSolutionNode = FALSE
	EndGlobalSection
	GlobalSection(ExtensibilityGlobals) = postSolution
		SolutionGuid = {62F9D50E-CEE5-45B2-931C-5E01A18E71F1}
	EndGlobalSection
EndGlobal
